
Microsoft Visual Studio Solution File, Format Version 11.00
# Visual Studio 2010
Project("{FAE04EC0-301F-11D3-BF4B-00C04F79EFBC}") = "MineSweeper", "MineSweeper\MineSweeper.csproj", "{0355AF84-3A25-46AA-BD8C-B3C2849D4BA9}"
EndProject
Project("{FAE04EC0-301F-11D3-BF4B-00C04F79EFBC}") = "MineModel", "MineModel\MineModel.csproj", "{23D61FBD-2D68-43D7-AF9A-9DC70E40E1C4}"
EndProject
Project("{FAE04EC0-301F-11D3-BF4B-00C04F79EFBC}") = "MineGtkView", "MineGtkView\MineGtkView.csproj", "{37641032-1E99-471B-8844-6B1287DA8818}"
EndProject
Global
	GlobalSection(SolutionConfigurationPlatforms) = preSolution
		Debug|x86 = Debug|x86
		Release|x86 = Release|x86
	EndGlobalSection
	GlobalSection(ProjectConfigurationPlatforms) = postSolution
		{0355AF84-3A25-46AA-BD8C-B3C2849D4BA9}.Debug|x86.ActiveCfg = Debug|x86
		{0355AF84-3A25-46AA-BD8C-B3C2849D4BA9}.Debug|x86.Build.0 = Debug|x86
		{0355AF84-3A25-46AA-BD8C-B3C2849D4BA9}.Release|x86.ActiveCfg = Release|x86
		{0355AF84-3A25-46AA-BD8C-B3C2849D4BA9}.Release|x86.Build.0 = Release|x86
		{23D61FBD-2D68-43D7-AF9A-9DC70E40E1C4}.Debug|x86.ActiveCfg = Debug|Any CPU
		{23D61FBD-2D68-43D7-AF9A-9DC70E40E1C4}.Debug|x86.Build.0 = Debug|Any CPU
		{23D61FBD-2D68-43D7-AF9A-9DC70E40E1C4}.Release|x86.ActiveCfg = Release|Any CPU
		{23D61FBD-2D68-43D7-AF9A-9DC70E40E1C4}.Release|x86.Build.0 = Release|Any CPU
		{37641032-1E99-471B-8844-6B1287DA8818}.Debug|x86.ActiveCfg = Debug|Any CPU
		{37641032-1E99-471B-8844-6B1287DA8818}.Debug|x86.Build.0 = Debug|Any CPU
		{37641032-1E99-471B-8844-6B1287DA8818}.Release|x86.ActiveCfg = Release|Any CPU
		{37641032-1E99-471B-8844-6B1287DA8818}.Release|x86.Build.0 = Release|Any CPU
	EndGlobalSection
	GlobalSection(MonoDevelopProperties) = preSolution
		StartupItem = MineSweeper\MineSweeper.csproj
	EndGlobalSection
EndGlobal
